
Microsoft Visual Studio Solution File, Format Version 12.00
# Visual Studio 15
VisualStudioVersion = 15.0.28307.1145
MinimumVisualStudioVersion = 10.0.40219.1
Project("{8BC9CEB8-8B4A-11D0-8D11-00A0C91BC942}") = "3DReconstruct", "3DReconstruct\3DReconstruct.vcxproj", "{909E3144-BD5D-4202-8A19-49E71F3ECA74}"
EndProject
Global
	GlobalSection(SolutionConfigurationPlatforms) = preSolution
		Debug|x64 = Debug|x64
		Debug|x86 = Debug|x86
		Release|x64 = Release|x64
		Release|x86 = Release|x86
	EndGlobalSection
	GlobalSection(ProjectConfigurationPlatforms) = postSolution
		{909E3144-BD5D-4202-8A19-49E71F3ECA74}.Debug|x64.ActiveCfg = Debug|x64
		{909E3144-BD5D-4202-8A19-49E71F3ECA74}.Debug|x64.Build.0 = Debug|x64
		{909E3144-BD5D-4202-8A19-49E71F3ECA74}.Debug|x86.ActiveCfg = Debug|Win32
		{909E3144-BD5D-4202-8A19-49E71F3ECA74}.Debug|x86.Build.0 = Debug|Win32
		{909E3144-BD5D-4202-8A19-49E71F3ECA74}.Release|x64.ActiveCfg = Release|x64
		{909E3144-BD5D-4202-8A19-49E71F3ECA74}.Release|x64.Build.0 = Release|x64
		{909E3144-BD5D-4202-8A19-49E71F3ECA74}.Release|x86.ActiveCfg = Release|Win32
		{909E3144-BD5D-4202-8A19-49E71F3ECA74}.Release|x86.Build.0 = Release|Win32
	EndGlobalSection
	GlobalSection(SolutionProperties) = preSolution
		HideSolutionNode = FALSE
	EndGlobalSection
	GlobalSection(ExtensibilityGlobals) = postSolution
		SolutionGuid = {A3864E95-BD51-4666-ACD5-6A71F2A1BAF5}
	EndGlobalSection
EndGlobal
